
Microsoft Visual Studio Solution File, Format Version 11.00
# Visual Studio 2010
# SharpDevelop 5.1
Project("{FAE04EC0-301F-11D3-BF4B-00C04F79EFBC}") = "mRandom", "mRandom\mRandom.csproj", "{6AC5600D-5F45-4E81-94DC-3A74FED2D682}"
EndProject
Global
	GlobalSection(SolutionConfigurationPlatforms) = preSolution
		Debug|Any CPU = Debug|Any CPU
		Release|Any CPU = Release|Any CPU
	EndGlobalSection
	GlobalSection(ProjectConfigurationPlatforms) = postSolution
		{6AC5600D-5F45-4E81-94DC-3A74FED2D682}.Debug|Any CPU.ActiveCfg = Debug|Any CPU
		{6AC5600D-5F45-4E81-94DC-3A74FED2D682}.Debug|Any CPU.Build.0 = Debug|Any CPU
		{6AC5600D-5F45-4E81-94DC-3A74FED2D682}.Release|Any CPU.ActiveCfg = Release|Any CPU
		{6AC5600D-5F45-4E81-94DC-3A74FED2D682}.Release|Any CPU.Build.0 = Release|Any CPU
	EndGlobalSection
EndGlobal
